
Microsoft Visual Studio Solution File, Format Version 12.00
Project("{FAE04EC0-301F-11D3-BF4B-00C04F79EFBC}") = "UserManagerMS", "UserManagerMS\UserManagerMS.csproj", "{837DDE83-DF95-42D3-A452-6534D4A6DBFA}"
EndProject
Project("{FAE04EC0-301F-11D3-BF4B-00C04F79EFBC}") = "PetsManagerMS", "PetsManagerMS\PetsManagerMS.csproj", "{E31CE08A-C8E9-4B47-B04B-B4B0A992429D}"
EndProject
Project("{FAE04EC0-301F-11D3-BF4B-00C04F79EFBC}") = "AdoptionManagerMS", "AdoptionManagerMS\AdoptionManagerMS.csproj", "{171E85AC-ECAE-4739-BE9A-1E7DE18236BF}"
EndProject
Project("{FAE04EC0-301F-11D3-BF4B-00C04F79EFBC}") = "Models", "Models\Models.csproj", "{A40285F6-74C8-46DC-8FA7-D5BD2A653C80}"
EndProject
Project("{FAE04EC0-301F-11D3-BF4B-00C04F79EFBC}") = "Shared", "Shared\Shared.csproj", "{C4C3E9A2-2277-44E5-9EFF-38974F3F78DE}"
EndProject
Project("{FAE04EC0-301F-11D3-BF4B-00C04F79EFBC}") = "AzureFuntions", "AzureFuntions\AzureFuntions.csproj", "{D0E66C92-5F95-430F-829D-8052A5B88738}"
EndProject
Project("{2150E333-8FDC-42A3-9474-1A3956D46DE8}") = "Tests", "Tests", "{FC7F6568-57DF-4493-B0D2-B779B8C99A28}"
EndProject
Project("{FAE04EC0-301F-11D3-BF4B-00C04F79EFBC}") = "UserManagerMSTest", "UserManagerMSTest\UserManagerMSTest.csproj", "{BA32E9A8-D4D9-4399-9DA5-0CA9B339F3AD}"
EndProject
Project("{FAE04EC0-301F-11D3-BF4B-00C04F79EFBC}") = "PetsManagerMSTest", "PetsManagerMSTest\PetsManagerMSTest.csproj", "{B7117C82-AB38-4439-865F-D34FBF681811}"
EndProject
Global
	GlobalSection(SolutionConfigurationPlatforms) = preSolution
		Debug|Any CPU = Debug|Any CPU
		Release|Any CPU = Release|Any CPU
	EndGlobalSection
	GlobalSection(ProjectConfigurationPlatforms) = postSolution
		{837DDE83-DF95-42D3-A452-6534D4A6DBFA}.Debug|Any CPU.ActiveCfg = Debug|Any CPU
		{837DDE83-DF95-42D3-A452-6534D4A6DBFA}.Debug|Any CPU.Build.0 = Debug|Any CPU
		{837DDE83-DF95-42D3-A452-6534D4A6DBFA}.Release|Any CPU.ActiveCfg = Release|Any CPU
		{837DDE83-DF95-42D3-A452-6534D4A6DBFA}.Release|Any CPU.Build.0 = Release|Any CPU
		{E31CE08A-C8E9-4B47-B04B-B4B0A992429D}.Debug|Any CPU.ActiveCfg = Debug|Any CPU
		{E31CE08A-C8E9-4B47-B04B-B4B0A992429D}.Debug|Any CPU.Build.0 = Debug|Any CPU
		{E31CE08A-C8E9-4B47-B04B-B4B0A992429D}.Release|Any CPU.ActiveCfg = Release|Any CPU
		{E31CE08A-C8E9-4B47-B04B-B4B0A992429D}.Release|Any CPU.Build.0 = Release|Any CPU
		{171E85AC-ECAE-4739-BE9A-1E7DE18236BF}.Debug|Any CPU.ActiveCfg = Debug|Any CPU
		{171E85AC-ECAE-4739-BE9A-1E7DE18236BF}.Debug|Any CPU.Build.0 = Debug|Any CPU
		{171E85AC-ECAE-4739-BE9A-1E7DE18236BF}.Release|Any CPU.ActiveCfg = Release|Any CPU
		{171E85AC-ECAE-4739-BE9A-1E7DE18236BF}.Release|Any CPU.Build.0 = Release|Any CPU
		{A40285F6-74C8-46DC-8FA7-D5BD2A653C80}.Debug|Any CPU.ActiveCfg = Debug|Any CPU
		{A40285F6-74C8-46DC-8FA7-D5BD2A653C80}.Debug|Any CPU.Build.0 = Debug|Any CPU
		{A40285F6-74C8-46DC-8FA7-D5BD2A653C80}.Release|Any CPU.ActiveCfg = Release|Any CPU
		{A40285F6-74C8-46DC-8FA7-D5BD2A653C80}.Release|Any CPU.Build.0 = Release|Any CPU
		{C4C3E9A2-2277-44E5-9EFF-38974F3F78DE}.Debug|Any CPU.ActiveCfg = Debug|Any CPU
		{C4C3E9A2-2277-44E5-9EFF-38974F3F78DE}.Debug|Any CPU.Build.0 = Debug|Any CPU
		{C4C3E9A2-2277-44E5-9EFF-38974F3F78DE}.Release|Any CPU.ActiveCfg = Release|Any CPU
		{C4C3E9A2-2277-44E5-9EFF-38974F3F78DE}.Release|Any CPU.Build.0 = Release|Any CPU
		{D0E66C92-5F95-430F-829D-8052A5B88738}.Debug|Any CPU.ActiveCfg = Debug|Any CPU
		{D0E66C92-5F95-430F-829D-8052A5B88738}.Debug|Any CPU.Build.0 = Debug|Any CPU
		{D0E66C92-5F95-430F-829D-8052A5B88738}.Release|Any CPU.ActiveCfg = Release|Any CPU
		{D0E66C92-5F95-430F-829D-8052A5B88738}.Release|Any CPU.Build.0 = Release|Any CPU
		{BA32E9A8-D4D9-4399-9DA5-0CA9B339F3AD}.Debug|Any CPU.ActiveCfg = Debug|Any CPU
		{BA32E9A8-D4D9-4399-9DA5-0CA9B339F3AD}.Debug|Any CPU.Build.0 = Debug|Any CPU
		{BA32E9A8-D4D9-4399-9DA5-0CA9B339F3AD}.Release|Any CPU.ActiveCfg = Release|Any CPU
		{BA32E9A8-D4D9-4399-9DA5-0CA9B339F3AD}.Release|Any CPU.Build.0 = Release|Any CPU
		{B7117C82-AB38-4439-865F-D34FBF681811}.Debug|Any CPU.ActiveCfg = Debug|Any CPU
		{B7117C82-AB38-4439-865F-D34FBF681811}.Debug|Any CPU.Build.0 = Debug|Any CPU
		{B7117C82-AB38-4439-865F-D34FBF681811}.Release|Any CPU.ActiveCfg = Release|Any CPU
		{B7117C82-AB38-4439-865F-D34FBF681811}.Release|Any CPU.Build.0 = Release|Any CPU
	EndGlobalSection
	GlobalSection(NestedProjects) = preSolution
		{BA32E9A8-D4D9-4399-9DA5-0CA9B339F3AD} = {FC7F6568-57DF-4493-B0D2-B779B8C99A28}
		{B7117C82-AB38-4439-865F-D34FBF681811} = {FC7F6568-57DF-4493-B0D2-B779B8C99A28}
	EndGlobalSection
EndGlobal
